
Microsoft Visual Studio Solution File, Format Version 12.00
# Visual Studio Version 16
VisualStudioVersion = 16.0.29709.97
MinimumVisualStudioVersion = 10.0.40219.1
Project("{FAE04EC0-301F-11D3-BF4B-00C04F79EFBC}") = "ATM", "ATM.csproj", "{13946E78-1DAB-407B-959C-D526C60ED7F1}"
EndProject
Global
	GlobalSection(SolutionConfigurationPlatforms) = preSolution
		Debug|Any CPU = Debug|Any CPU
		Release|Any CPU = Release|Any CPU
	EndGlobalSection
	GlobalSection(ProjectConfigurationPlatforms) = postSolution
		{13946E78-1DAB-407B-959C-D526C60ED7F1}.Debug|Any CPU.ActiveCfg = Debug|Any CPU
		{13946E78-1DAB-407B-959C-D526C60ED7F1}.Debug|Any CPU.Build.0 = Debug|Any CPU
		{13946E78-1DAB-407B-959C-D526C60ED7F1}.Release|Any CPU.ActiveCfg = Release|Any CPU
		{13946E78-1DAB-407B-959C-D526C60ED7F1}.Release|Any CPU.Build.0 = Release|Any CPU
	EndGlobalSection
	GlobalSection(SolutionProperties) = preSolution
		HideSolutionNode = FALSE
	EndGlobalSection
	GlobalSection(ExtensibilityGlobals) = postSolution
		SolutionGuid = {16E46FE2-7940-4137-8C68-742A89B38C30}
	EndGlobalSection
EndGlobal
